
Microsoft Visual Studio Solution File, Format Version 12.00
# Visual Studio Version 16
VisualStudioVersion = 16.0.810.7
MinimumVisualStudioVersion = 10.0.40219.1
Project("{FAE04EC0-301F-11D3-BF4B-00C04F79EFBC}") = "BowlingGameKata", "BowlingGameKata\BowlingGameKata.csproj", "{B1F9348F-2FF1-4696-99AC-F452D06601F9}"
EndProject
Project("{FAE04EC0-301F-11D3-BF4B-00C04F79EFBC}") = "BowlingGameKataTests", "BowlingGameKataTests\BowlingGameKataTests.csproj", "{AA530E93-3C3E-4C69-87F8-6A733C18853E}"
EndProject
Global
	GlobalSection(SolutionConfigurationPlatforms) = preSolution
		Debug|Any CPU = Debug|Any CPU
		Release|Any CPU = Release|Any CPU
	EndGlobalSection
	GlobalSection(ProjectConfigurationPlatforms) = postSolution
		{B1F9348F-2FF1-4696-99AC-F452D06601F9}.Debug|Any CPU.ActiveCfg = Debug|Any CPU
		{B1F9348F-2FF1-4696-99AC-F452D06601F9}.Debug|Any CPU.Build.0 = Debug|Any CPU
		{B1F9348F-2FF1-4696-99AC-F452D06601F9}.Release|Any CPU.ActiveCfg = Release|Any CPU
		{B1F9348F-2FF1-4696-99AC-F452D06601F9}.Release|Any CPU.Build.0 = Release|Any CPU
		{AA530E93-3C3E-4C69-87F8-6A733C18853E}.Debug|Any CPU.ActiveCfg = Debug|Any CPU
		{AA530E93-3C3E-4C69-87F8-6A733C18853E}.Debug|Any CPU.Build.0 = Debug|Any CPU
		{AA530E93-3C3E-4C69-87F8-6A733C18853E}.Release|Any CPU.ActiveCfg = Release|Any CPU
		{AA530E93-3C3E-4C69-87F8-6A733C18853E}.Release|Any CPU.Build.0 = Release|Any CPU
	EndGlobalSection
	GlobalSection(SolutionProperties) = preSolution
		HideSolutionNode = FALSE
	EndGlobalSection
	GlobalSection(ExtensibilityGlobals) = postSolution
		SolutionGuid = {09285776-1695-4207-847B-B46DAD01E8E5}
	EndGlobalSection
EndGlobal
